<?xml version="1.0" encoding="utf-8"?>
<Project ToolsVersion="4.0" xmlns="http://schemas.microsoft.com/developer/msbuild/2003">
  <ItemGroup>
    <Filter Include="Source Files">
      <UniqueIdentifier>{4FC737F1-C7A5-4376-A066-2A32D752A2FF}</UniqueIdentifier>
      <Extensions>cpp;c;cc;cxx;c++;cppm;ixx;def;odl;idl;hpj;bat;asm;asmx</Extensions>
    </Filter>
    <Filter Include="Header Files">
      <UniqueIdentifier>{93995380-89BD-4b04-88EB-625FBE52EBFB}</UniqueIdentifier>
      <Extensions>h;hh;hpp;hxx;h++;hm;inl;inc;ipp;xsd</Extensions>
    </Filter>
    <Filter Include="Resource Files">
      <UniqueIdentifier>{67DA6AB6-F800-4c08-8B7A-83BB121AAD01}</UniqueIdentifier>
      <Extensions>rc;ico;cur;bmp;dlg;rc2;rct;bin;rgs;gif;jpg;jpeg;jpe;resx;tiff;tif;png;wav;mfcribbon-ms</Extensions>
    </Filter>
  </ItemGroup>
  <ItemGroup>
    <ClCompile Include="Source.cpp">
      <Filter>Source Files</Filter>
    </ClCompile>
  </ItemGroup>
  <ItemGroup>
    <ClInclude Include="(2022.11.10) 주석 및 레파지토리 생성.h">
      <Filter>Header Files</Filter>
    </ClInclude>
    <ClInclude Include="(2022.11.11) 자료형 및 출력 함수.h">
      <Filter>Header Files</Filter>
    </ClInclude>
    <ClInclude Include="(2022.11.14) 변수와 상수.h">
      <Filter>Header Files</Filter>
    </ClInclude>
    <ClInclude Include="(2022.11.15) 비트와 바이트.h">
      <Filter>Header Files</Filter>
    </ClInclude>
    <ClInclude Include="(2022.11.16) 비트 연산자.h">
      <Filter>Header Files</Filter>
    </ClInclude>
    <ClInclude Include="(2022.11.17) 오버플로우와 언더플로우.h">
      <Filter>Header Files</Filter>
    </ClInclude>
    <ClInclude Include="(2022.11.18) 조건문.h">
      <Filter>Header Files</Filter>
    </ClInclude>
    <ClInclude Include="(2022.11.21) 논리 연산자.h">
      <Filter>Header Files</Filter>
    </ClInclude>
    <ClInclude Include="(2022.11.22) 부동 소수점 오차.h">
      <Filter>Header Files</Filter>
    </ClInclude>
    <ClInclude Include="(2022.11.23) 반복문.h">
      <Filter>Header Files</Filter>
    </ClInclude>
    <ClInclude Include="%282022.11.25%29 continue문.h">
      <Filter>Header Files</Filter>
    </ClInclude>
    <ClInclude Include="(2022.11.28) 복합 대입 연산자.h">
      <Filter>Header Files</Filter>
    </ClInclude>
    <ClInclude Include="%282022.11.29%29 주소 연산자.h">
      <Filter>Header Files</Filter>
    </ClInclude>
    <ClInclude Include="(2022.11.30) 포인터.h">
      <Filter>Header Files</Filter>
    </ClInclude>
    <ClInclude Include="(2022.12.1) 배열.h">
      <Filter>Header Files</Filter>
    </ClInclude>
    <ClInclude Include="(2022.12.2) 문자열.h">
      <Filter>Header Files</Filter>
    </ClInclude>
    <ClInclude Include="(2022.12.5) 함수.h">
      <Filter>Header Files</Filter>
    </ClInclude>
    <ClInclude Include="(2022.12.6) 변수의 범위.h">
      <Filter>Header Files</Filter>
    </ClInclude>
    <ClInclude Include="(2022.12.7) 값에 의한 전달 및 참조에 의한 전달.h">
      <Filter>Header Files</Filter>
    </ClInclude>
    <ClInclude Include="(2022.12.8) 재귀 함수.h">
      <Filter>Header Files</Filter>
    </ClInclude>
    <ClInclude Include="(2022.12.9) 포인터를 상수화하는 방법.h">
      <Filter>Header Files</Filter>
    </ClInclude>
    <ClInclude Include="(2022.12.12) 인라인 함수.h">
      <Filter>Header Files</Filter>
    </ClInclude>
    <ClInclude Include="(2022.12.13) 구조체.h">
      <Filter>Header Files</Filter>
    </ClInclude>
    <ClInclude Include="(2022.12.14) 바이트 패딩.h">
      <Filter>Header Files</Filter>
    </ClInclude>
    <ClInclude Include="(2022.12.15) 동적 할당.h">
      <Filter>Header Files</Filter>
    </ClInclude>
    <ClInclude Include="(2022.12.16) 범용 포인터.h">
      <Filter>Header Files</Filter>
    </ClInclude>
    <ClInclude Include="(2022.12.19) typedef.h">
      <Filter>Header Files</Filter>
    </ClInclude>
    <ClInclude Include="(2022.12.20) rand 함수.h">
      <Filter>Header Files</Filter>
    </ClInclude>
    <ClInclude Include="(2022.12.21) 키 입력 함수 .h">
      <Filter>Header Files</Filter>
    </ClInclude>
  </ItemGroup>
</Project>