<?xml version="1.0" encoding="utf-8"?>
<Project ToolsVersion="4.0" xmlns="http://schemas.microsoft.com/developer/msbuild/2003">
  <ItemGroup>
    <Filter Include="Source Files">
      <UniqueIdentifier>{4FC737F1-C7A5-4376-A066-2A32D752A2FF}</UniqueIdentifier>
      <Extensions>cpp;c;cc;cxx;c++;cppm;ixx;def;odl;idl;hpj;bat;asm;asmx</Extensions>
    </Filter>
    <Filter Include="Header Files">
      <UniqueIdentifier>{93995380-89BD-4b04-88EB-625FBE52EBFB}</UniqueIdentifier>
      <Extensions>h;hh;hpp;hxx;h++;hm;inl;inc;ipp;xsd</Extensions>
    </Filter>
    <Filter Include="Resource Files">
      <UniqueIdentifier>{67DA6AB6-F800-4c08-8B7A-83BB121AAD01}</UniqueIdentifier>
      <Extensions>rc;ico;cur;bmp;dlg;rc2;rct;bin;rgs;gif;jpg;jpeg;jpe;resx;tiff;tif;png;wav;mfcribbon-ms</Extensions>
    </Filter>
    <Filter Include="Header Files\Mechanic">
      <UniqueIdentifier>{e8cb0ac4-389e-49a7-837a-aeb757733490}</UniqueIdentifier>
    </Filter>
    <Filter Include="Source Files\Mechanic">
      <UniqueIdentifier>{25605d8f-349b-48d7-84b0-24a066f7baa8}</UniqueIdentifier>
    </Filter>
    <Filter Include="Header Files\Bionic">
      <UniqueIdentifier>{1ac2bbad-6592-43e2-b5cf-31cabb1ca2c3}</UniqueIdentifier>
    </Filter>
    <Filter Include="Source Files\Bionic">
      <UniqueIdentifier>{c56870c3-fc8c-4b60-97d6-360b480feb28}</UniqueIdentifier>
    </Filter>
    <Filter Include="Header Files\Computer">
      <UniqueIdentifier>{9b9fcfca-36b0-4c3e-bf75-fbb96963bf2d}</UniqueIdentifier>
    </Filter>
    <Filter Include="Source Files\Computer">
      <UniqueIdentifier>{957e9c05-0dfc-4e08-8cb7-effdf5251ba0}</UniqueIdentifier>
    </Filter>
  </ItemGroup>
  <ItemGroup>
    <ClCompile Include="Solution.cpp">
      <Filter>Source Files</Filter>
    </ClCompile>
    <ClCompile Include="Camera.cpp">
      <Filter>Source Files</Filter>
    </ClCompile>
    <ClCompile Include="Goliath.cpp">
      <Filter>Source Files\Mechanic</Filter>
    </ClCompile>
    <ClCompile Include="Mechanic.cpp">
      <Filter>Source Files\Mechanic</Filter>
    </ClCompile>
    <ClCompile Include="SigueTank.cpp">
      <Filter>Source Files\Mechanic</Filter>
    </ClCompile>
    <ClCompile Include="Vulture.cpp">
      <Filter>Source Files\Mechanic</Filter>
    </ClCompile>
    <ClCompile Include="Firebat.cpp">
      <Filter>Source Files\Bionic</Filter>
    </ClCompile>
    <ClCompile Include="Ghost.cpp">
      <Filter>Source Files\Bionic</Filter>
    </ClCompile>
    <ClCompile Include="Marine.cpp">
      <Filter>Source Files\Bionic</Filter>
    </ClCompile>
    <ClCompile Include="LinkedList.cpp">
      <Filter>Source Files</Filter>
    </ClCompile>
    <ClCompile Include="Component.cpp">
      <Filter>Source Files\Computer</Filter>
    </ClCompile>
    <ClCompile Include="Computer.cpp">
      <Filter>Source Files\Computer</Filter>
    </ClCompile>
    <ClCompile Include="Keyboard.cpp">
      <Filter>Source Files\Computer</Filter>
    </ClCompile>
    <ClCompile Include="Mouse.cpp">
      <Filter>Source Files\Computer</Filter>
    </ClCompile>
    <ClCompile Include="Player.cpp">
      <Filter>Source Files</Filter>
    </ClCompile>
    <ClCompile Include="Bank.cpp">
      <Filter>Source Files</Filter>
    </ClCompile>
  </ItemGroup>
  <ItemGroup>
    <ClInclude Include="Camera.h">
      <Filter>Header Files</Filter>
    </ClInclude>
    <ClInclude Include="Goliath.h">
      <Filter>Header Files\Mechanic</Filter>
    </ClInclude>
    <ClInclude Include="Mechanic.h">
      <Filter>Header Files\Mechanic</Filter>
    </ClInclude>
    <ClInclude Include="SigueTank.h">
      <Filter>Header Files\Mechanic</Filter>
    </ClInclude>
    <ClInclude Include="Vulture.h">
      <Filter>Header Files\Mechanic</Filter>
    </ClInclude>
    <ClInclude Include="Firebat.h">
      <Filter>Header Files\Bionic</Filter>
    </ClInclude>
    <ClInclude Include="Ghost.h">
      <Filter>Header Files\Bionic</Filter>
    </ClInclude>
    <ClInclude Include="Marine.h">
      <Filter>Header Files\Bionic</Filter>
    </ClInclude>
    <ClInclude Include="Unit.h">
      <Filter>Header Files\Bionic</Filter>
    </ClInclude>
    <ClInclude Include="LinkedList.h">
      <Filter>Header Files</Filter>
    </ClInclude>
    <ClInclude Include="Component.h">
      <Filter>Header Files\Computer</Filter>
    </ClInclude>
    <ClInclude Include="Computer.h">
      <Filter>Header Files\Computer</Filter>
    </ClInclude>
    <ClInclude Include="Keyboard.h">
      <Filter>Header Files\Computer</Filter>
    </ClInclude>
    <ClInclude Include="Mouse.h">
      <Filter>Header Files\Computer</Filter>
    </ClInclude>
    <ClInclude Include="Player.h">
      <Filter>Header Files</Filter>
    </ClInclude>
    <ClInclude Include="Bank.h">
      <Filter>Header Files</Filter>
    </ClInclude>
  </ItemGroup>
</Project>