
Microsoft Visual Studio Solution File, Format Version 12.00
# Visual Studio Version 17
VisualStudioVersion = 17.4.33213.308
MinimumVisualStudioVersion = 10.0.40219.1
Project("{FAE04EC0-301F-11D3-BF4B-00C04F79EFBC}") = "ConsoleApp1", "ConsoleApp1.csproj", "{53AE68E0-328E-41C2-B05A-6EEE72B40353}"
EndProject
Global
	GlobalSection(SolutionConfigurationPlatforms) = preSolution
		Debug|Any CPU = Debug|Any CPU
		Release|Any CPU = Release|Any CPU
	EndGlobalSection
	GlobalSection(ProjectConfigurationPlatforms) = postSolution
		{53AE68E0-328E-41C2-B05A-6EEE72B40353}.Debug|Any CPU.ActiveCfg = Debug|Any CPU
		{53AE68E0-328E-41C2-B05A-6EEE72B40353}.Debug|Any CPU.Build.0 = Debug|Any CPU
		{53AE68E0-328E-41C2-B05A-6EEE72B40353}.Release|Any CPU.ActiveCfg = Release|Any CPU
		{53AE68E0-328E-41C2-B05A-6EEE72B40353}.Release|Any CPU.Build.0 = Release|Any CPU
	EndGlobalSection
	GlobalSection(SolutionProperties) = preSolution
		HideSolutionNode = FALSE
	EndGlobalSection
	GlobalSection(ExtensibilityGlobals) = postSolution
		SolutionGuid = {B61128B4-2354-48E1-9512-744574A52C94}
	EndGlobalSection
EndGlobal
