
Microsoft Visual Studio Solution File, Format Version 12.00
# Visual Studio Version 17
VisualStudioVersion = 17.9.34728.123
MinimumVisualStudioVersion = 10.0.40219.1
Project("{8BC9CEB8-8B4A-11D0-8D11-00A0C91BC942}") = "Program", "Program.vcxproj", "{1B9540A4-D90D-452F-8405-92D36D5FF05B}"
EndProject
Project("{8BC9CEB8-8B4A-11D0-8D11-00A0C91BC942}") = "Class1th (Compile)", "..\Class1th (Compile)\Class1th (Compile).vcxproj", "{D2AD1044-C118-4A21-8C53-C2410BA8195B}"
EndProject
Global
	GlobalSection(SolutionConfigurationPlatforms) = preSolution
		Debug|x64 = Debug|x64
		Debug|x86 = Debug|x86
		Release|x64 = Release|x64
		Release|x86 = Release|x86
	EndGlobalSection
	GlobalSection(ProjectConfigurationPlatforms) = postSolution
		{1B9540A4-D90D-452F-8405-92D36D5FF05B}.Debug|x64.ActiveCfg = Debug|x64
		{1B9540A4-D90D-452F-8405-92D36D5FF05B}.Debug|x64.Build.0 = Debug|x64
		{1B9540A4-D90D-452F-8405-92D36D5FF05B}.Debug|x86.ActiveCfg = Debug|Win32
		{1B9540A4-D90D-452F-8405-92D36D5FF05B}.Debug|x86.Build.0 = Debug|Win32
		{1B9540A4-D90D-452F-8405-92D36D5FF05B}.Release|x64.ActiveCfg = Release|x64
		{1B9540A4-D90D-452F-8405-92D36D5FF05B}.Release|x64.Build.0 = Release|x64
		{1B9540A4-D90D-452F-8405-92D36D5FF05B}.Release|x86.ActiveCfg = Release|Win32
		{1B9540A4-D90D-452F-8405-92D36D5FF05B}.Release|x86.Build.0 = Release|Win32
		{D2AD1044-C118-4A21-8C53-C2410BA8195B}.Debug|x64.ActiveCfg = Debug|x64
		{D2AD1044-C118-4A21-8C53-C2410BA8195B}.Debug|x64.Build.0 = Debug|x64
		{D2AD1044-C118-4A21-8C53-C2410BA8195B}.Debug|x86.ActiveCfg = Debug|Win32
		{D2AD1044-C118-4A21-8C53-C2410BA8195B}.Debug|x86.Build.0 = Debug|Win32
		{D2AD1044-C118-4A21-8C53-C2410BA8195B}.Release|x64.ActiveCfg = Release|x64
		{D2AD1044-C118-4A21-8C53-C2410BA8195B}.Release|x64.Build.0 = Release|x64
		{D2AD1044-C118-4A21-8C53-C2410BA8195B}.Release|x86.ActiveCfg = Release|Win32
		{D2AD1044-C118-4A21-8C53-C2410BA8195B}.Release|x86.Build.0 = Release|Win32
	EndGlobalSection
	GlobalSection(SolutionProperties) = preSolution
		HideSolutionNode = FALSE
	EndGlobalSection
	GlobalSection(ExtensibilityGlobals) = postSolution
		SolutionGuid = {925690C8-4A6A-47B3-8081-7D4C110CC6CB}
	EndGlobalSection
EndGlobal
