
Microsoft Visual Studio Solution File, Format Version 12.00
# Visual Studio Version 17
VisualStudioVersion = 17.9.34728.123
MinimumVisualStudioVersion = 10.0.40219.1
Project("{8BC9CEB8-8B4A-11D0-8D11-00A0C91BC942}") = "Program", "Program.vcxproj", "{1B9540A4-D90D-452F-8405-92D36D5FF05B}"
EndProject
Project("{8BC9CEB8-8B4A-11D0-8D11-00A0C91BC942}") = "Class1th (Compile)", "..\Class1th (Compile)\Class1th (Compile).vcxproj", "{D2AD1044-C118-4A21-8C53-C2410BA8195B}"
EndProject
Project("{8BC9CEB8-8B4A-11D0-8D11-00A0C91BC942}") = "Class2th (Variable & Constant)", "..\Class2th (Variable & Constant)\Class2th (Variable & Constant).vcxproj", "{9C6B6BB8-C0E0-4797-B75B-6D51416012A3}"
EndProject
Project("{8BC9CEB8-8B4A-11D0-8D11-00A0C91BC942}") = "Class3th (Bit)", "..\Class3th (Bit)\Class3th (Bit).vcxproj", "{D4038BB6-7127-489B-8707-21BC797A6986}"
EndProject
Project("{8BC9CEB8-8B4A-11D0-8D11-00A0C91BC942}") = "Class4th (Overflow & Underflow)", "..\Class4th (Overflow & Underflow)\Class4th (Overflow & Underflow).vcxproj", "{5CD49C02-E278-4B1D-A51F-9BF9848CACEA}"
EndProject
Project("{8BC9CEB8-8B4A-11D0-8D11-00A0C91BC942}") = "Class5th (Conditional Statement)", "..\Class5th (Conditional Statement)\Class5th (Conditional Statement).vcxproj", "{EFA3060A-900B-40DD-9135-D3601FC71849}"
EndProject
Project("{8BC9CEB8-8B4A-11D0-8D11-00A0C91BC942}") = "Class6th (Iteration Statement)", "..\Class6th (Iteration Statement)\Class6th (Iteration Statement).vcxproj", "{8556215B-A6A6-4893-8F0F-3F4C1DEE1322}"
EndProject
Project("{8BC9CEB8-8B4A-11D0-8D11-00A0C91BC942}") = "Class7th (Type Conversion)", "..\Class7th (Type Conversion)\Class7th (Type Conversion).vcxproj", "{ABBA11FC-9062-4A80-B082-C195F1674470}"
EndProject
Project("{8BC9CEB8-8B4A-11D0-8D11-00A0C91BC942}") = "Class8th (Pointer)", "..\Class8th (Pointer)\Class8th (Pointer).vcxproj", "{BAECA08F-1B35-4D7D-9978-9FAEFB40892B}"
EndProject
Global
	GlobalSection(SolutionConfigurationPlatforms) = preSolution
		Debug|x64 = Debug|x64
		Debug|x86 = Debug|x86
		Release|x64 = Release|x64
		Release|x86 = Release|x86
	EndGlobalSection
	GlobalSection(ProjectConfigurationPlatforms) = postSolution
		{1B9540A4-D90D-452F-8405-92D36D5FF05B}.Debug|x64.ActiveCfg = Debug|x64
		{1B9540A4-D90D-452F-8405-92D36D5FF05B}.Debug|x64.Build.0 = Debug|x64
		{1B9540A4-D90D-452F-8405-92D36D5FF05B}.Debug|x86.ActiveCfg = Debug|Win32
		{1B9540A4-D90D-452F-8405-92D36D5FF05B}.Debug|x86.Build.0 = Debug|Win32
		{1B9540A4-D90D-452F-8405-92D36D5FF05B}.Release|x64.ActiveCfg = Release|x64
		{1B9540A4-D90D-452F-8405-92D36D5FF05B}.Release|x64.Build.0 = Release|x64
		{1B9540A4-D90D-452F-8405-92D36D5FF05B}.Release|x86.ActiveCfg = Release|Win32
		{1B9540A4-D90D-452F-8405-92D36D5FF05B}.Release|x86.Build.0 = Release|Win32
		{D2AD1044-C118-4A21-8C53-C2410BA8195B}.Debug|x64.ActiveCfg = Debug|x64
		{D2AD1044-C118-4A21-8C53-C2410BA8195B}.Debug|x64.Build.0 = Debug|x64
		{D2AD1044-C118-4A21-8C53-C2410BA8195B}.Debug|x86.ActiveCfg = Debug|Win32
		{D2AD1044-C118-4A21-8C53-C2410BA8195B}.Debug|x86.Build.0 = Debug|Win32
		{D2AD1044-C118-4A21-8C53-C2410BA8195B}.Release|x64.ActiveCfg = Release|x64
		{D2AD1044-C118-4A21-8C53-C2410BA8195B}.Release|x64.Build.0 = Release|x64
		{D2AD1044-C118-4A21-8C53-C2410BA8195B}.Release|x86.ActiveCfg = Release|Win32
		{D2AD1044-C118-4A21-8C53-C2410BA8195B}.Release|x86.Build.0 = Release|Win32
		{9C6B6BB8-C0E0-4797-B75B-6D51416012A3}.Debug|x64.ActiveCfg = Debug|x64
		{9C6B6BB8-C0E0-4797-B75B-6D51416012A3}.Debug|x64.Build.0 = Debug|x64
		{9C6B6BB8-C0E0-4797-B75B-6D51416012A3}.Debug|x86.ActiveCfg = Debug|Win32
		{9C6B6BB8-C0E0-4797-B75B-6D51416012A3}.Debug|x86.Build.0 = Debug|Win32
		{9C6B6BB8-C0E0-4797-B75B-6D51416012A3}.Release|x64.ActiveCfg = Release|x64
		{9C6B6BB8-C0E0-4797-B75B-6D51416012A3}.Release|x64.Build.0 = Release|x64
		{9C6B6BB8-C0E0-4797-B75B-6D51416012A3}.Release|x86.ActiveCfg = Release|Win32
		{9C6B6BB8-C0E0-4797-B75B-6D51416012A3}.Release|x86.Build.0 = Release|Win32
		{D4038BB6-7127-489B-8707-21BC797A6986}.Debug|x64.ActiveCfg = Debug|x64
		{D4038BB6-7127-489B-8707-21BC797A6986}.Debug|x64.Build.0 = Debug|x64
		{D4038BB6-7127-489B-8707-21BC797A6986}.Debug|x86.ActiveCfg = Debug|Win32
		{D4038BB6-7127-489B-8707-21BC797A6986}.Debug|x86.Build.0 = Debug|Win32
		{D4038BB6-7127-489B-8707-21BC797A6986}.Release|x64.ActiveCfg = Release|x64
		{D4038BB6-7127-489B-8707-21BC797A6986}.Release|x64.Build.0 = Release|x64
		{D4038BB6-7127-489B-8707-21BC797A6986}.Release|x86.ActiveCfg = Release|Win32
		{D4038BB6-7127-489B-8707-21BC797A6986}.Release|x86.Build.0 = Release|Win32
		{5CD49C02-E278-4B1D-A51F-9BF9848CACEA}.Debug|x64.ActiveCfg = Debug|x64
		{5CD49C02-E278-4B1D-A51F-9BF9848CACEA}.Debug|x64.Build.0 = Debug|x64
		{5CD49C02-E278-4B1D-A51F-9BF9848CACEA}.Debug|x86.ActiveCfg = Debug|Win32
		{5CD49C02-E278-4B1D-A51F-9BF9848CACEA}.Debug|x86.Build.0 = Debug|Win32
		{5CD49C02-E278-4B1D-A51F-9BF9848CACEA}.Release|x64.ActiveCfg = Release|x64
		{5CD49C02-E278-4B1D-A51F-9BF9848CACEA}.Release|x64.Build.0 = Release|x64
		{5CD49C02-E278-4B1D-A51F-9BF9848CACEA}.Release|x86.ActiveCfg = Release|Win32
		{5CD49C02-E278-4B1D-A51F-9BF9848CACEA}.Release|x86.Build.0 = Release|Win32
		{EFA3060A-900B-40DD-9135-D3601FC71849}.Debug|x64.ActiveCfg = Debug|x64
		{EFA3060A-900B-40DD-9135-D3601FC71849}.Debug|x64.Build.0 = Debug|x64
		{EFA3060A-900B-40DD-9135-D3601FC71849}.Debug|x86.ActiveCfg = Debug|Win32
		{EFA3060A-900B-40DD-9135-D3601FC71849}.Debug|x86.Build.0 = Debug|Win32
		{EFA3060A-900B-40DD-9135-D3601FC71849}.Release|x64.ActiveCfg = Release|x64
		{EFA3060A-900B-40DD-9135-D3601FC71849}.Release|x64.Build.0 = Release|x64
		{EFA3060A-900B-40DD-9135-D3601FC71849}.Release|x86.ActiveCfg = Release|Win32
		{EFA3060A-900B-40DD-9135-D3601FC71849}.Release|x86.Build.0 = Release|Win32
		{8556215B-A6A6-4893-8F0F-3F4C1DEE1322}.Debug|x64.ActiveCfg = Debug|x64
		{8556215B-A6A6-4893-8F0F-3F4C1DEE1322}.Debug|x64.Build.0 = Debug|x64
		{8556215B-A6A6-4893-8F0F-3F4C1DEE1322}.Debug|x86.ActiveCfg = Debug|Win32
		{8556215B-A6A6-4893-8F0F-3F4C1DEE1322}.Debug|x86.Build.0 = Debug|Win32
		{8556215B-A6A6-4893-8F0F-3F4C1DEE1322}.Release|x64.ActiveCfg = Release|x64
		{8556215B-A6A6-4893-8F0F-3F4C1DEE1322}.Release|x64.Build.0 = Release|x64
		{8556215B-A6A6-4893-8F0F-3F4C1DEE1322}.Release|x86.ActiveCfg = Release|Win32
		{8556215B-A6A6-4893-8F0F-3F4C1DEE1322}.Release|x86.Build.0 = Release|Win32
		{ABBA11FC-9062-4A80-B082-C195F1674470}.Debug|x64.ActiveCfg = Debug|x64
		{ABBA11FC-9062-4A80-B082-C195F1674470}.Debug|x64.Build.0 = Debug|x64
		{ABBA11FC-9062-4A80-B082-C195F1674470}.Debug|x86.ActiveCfg = Debug|Win32
		{ABBA11FC-9062-4A80-B082-C195F1674470}.Debug|x86.Build.0 = Debug|Win32
		{ABBA11FC-9062-4A80-B082-C195F1674470}.Release|x64.ActiveCfg = Release|x64
		{ABBA11FC-9062-4A80-B082-C195F1674470}.Release|x64.Build.0 = Release|x64
		{ABBA11FC-9062-4A80-B082-C195F1674470}.Release|x86.ActiveCfg = Release|Win32
		{ABBA11FC-9062-4A80-B082-C195F1674470}.Release|x86.Build.0 = Release|Win32
		{BAECA08F-1B35-4D7D-9978-9FAEFB40892B}.Debug|x64.ActiveCfg = Debug|x64
		{BAECA08F-1B35-4D7D-9978-9FAEFB40892B}.Debug|x64.Build.0 = Debug|x64
		{BAECA08F-1B35-4D7D-9978-9FAEFB40892B}.Debug|x86.ActiveCfg = Debug|Win32
		{BAECA08F-1B35-4D7D-9978-9FAEFB40892B}.Debug|x86.Build.0 = Debug|Win32
		{BAECA08F-1B35-4D7D-9978-9FAEFB40892B}.Release|x64.ActiveCfg = Release|x64
		{BAECA08F-1B35-4D7D-9978-9FAEFB40892B}.Release|x64.Build.0 = Release|x64
		{BAECA08F-1B35-4D7D-9978-9FAEFB40892B}.Release|x86.ActiveCfg = Release|Win32
		{BAECA08F-1B35-4D7D-9978-9FAEFB40892B}.Release|x86.Build.0 = Release|Win32
	EndGlobalSection
	GlobalSection(SolutionProperties) = preSolution
		HideSolutionNode = FALSE
	EndGlobalSection
	GlobalSection(ExtensibilityGlobals) = postSolution
		SolutionGuid = {925690C8-4A6A-47B3-8081-7D4C110CC6CB}
	EndGlobalSection
EndGlobal
